// !$*UTF8*$!
{
	archiveVersion = 1;
	classes = {
	};
	objectVersion = 52;
	objects = {

/* Begin PBXBuildFile section */
		F972D32125B81CC200C4959C /* DateService.swift in Sources */ = {isa = PBXBuildFile; fileRef = F972D32025B81CC200C4959C /* DateService.swift */; };
		F972D32A25B8508D00C4959C /* UIView+.swift in Sources */ = {isa = PBXBuildFile; fileRef = F972D32925B8508D00C4959C /* UIView+.swift */; };
		F972D33225B851C100C4959C /* UITableView+.swift in Sources */ = {isa = PBXBuildFile; fileRef = F972D33125B851C100C4959C /* UITableView+.swift */; };
		F972D33825B8520200C4959C /* NSObject+.swift in Sources */ = {isa = PBXBuildFile; fileRef = F972D33725B8520200C4959C /* NSObject+.swift */; };
		F972D34025B8536600C4959C /* BaseNavigationController.swift in Sources */ = {isa = PBXBuildFile; fileRef = F972D33F25B8536600C4959C /* BaseNavigationController.swift */; };
		F972D34625B8542800C4959C /* PeriodType.swift in Sources */ = {isa = PBXBuildFile; fileRef = F972D34525B8542800C4959C /* PeriodType.swift */; };
		F972D35225B854CA00C4959C /* Resolver in Frameworks */ = {isa = PBXBuildFile; productRef = F972D35125B854CA00C4959C /* Resolver */; };
		F972D35725B854DC00C4959C /* AppDelegate+Inject.swift in Sources */ = {isa = PBXBuildFile; fileRef = F972D35625B854DC00C4959C /* AppDelegate+Inject.swift */; };
		F972D36825B8599F00C4959C /* HANYGO230.ttf in Resources */ = {isa = PBXBuildFile; fileRef = F972D36625B8599F00C4959C /* HANYGO230.ttf */; };
		F972D36925B8599F00C4959C /* Champagne & Limousines Bold.ttf in Resources */ = {isa = PBXBuildFile; fileRef = F972D36725B8599F00C4959C /* Champagne & Limousines Bold.ttf */; };
		F972D36F25B85A0200C4959C /* Font.swift in Sources */ = {isa = PBXBuildFile; fileRef = F972D36E25B85A0200C4959C /* Font.swift */; };
		F972D37825B85ABD00C4959C /* PeriodView.swift in Sources */ = {isa = PBXBuildFile; fileRef = F972D37725B85ABD00C4959C /* PeriodView.swift */; };
		F972D38325B85B7500C4959C /* Color.swift in Sources */ = {isa = PBXBuildFile; fileRef = F972D38225B85B7500C4959C /* Color.swift */; };
		F972D38825B85BD300C4959C /* BaseView.swift in Sources */ = {isa = PBXBuildFile; fileRef = F972D38725B85BD300C4959C /* BaseView.swift */; };
		F972D38D25B86F5800C4959C /* UICollectionView.swift in Sources */ = {isa = PBXBuildFile; fileRef = F972D38C25B86F5800C4959C /* UICollectionView.swift */; };
		F972D39225B8705000C4959C /* Device.swift in Sources */ = {isa = PBXBuildFile; fileRef = F972D39125B8705000C4959C /* Device.swift */; };
		F972D39725B8986400C4959C /* PeriodCell.swift in Sources */ = {isa = PBXBuildFile; fileRef = F972D39625B8986400C4959C /* PeriodCell.swift */; };
		F972D39C25B8988000C4959C /* BaseCollectionViewCell.swift in Sources */ = {isa = PBXBuildFile; fileRef = F972D39B25B8988000C4959C /* BaseCollectionViewCell.swift */; };
		F972D3A125B89EAA00C4959C /* PeriodViewModel.swift in Sources */ = {isa = PBXBuildFile; fileRef = F972D3A025B89EAA00C4959C /* PeriodViewModel.swift */; };
		F972D3DC25B9230A00C4959C /* BaseCollectionView.swift in Sources */ = {isa = PBXBuildFile; fileRef = F972D3DB25B9230A00C4959C /* BaseCollectionView.swift */; };
		F972D3E225B9A68F00C4959C /* InfiniteLayout in Frameworks */ = {isa = PBXBuildFile; productRef = F972D3E125B9A68F00C4959C /* InfiniteLayout */; };
		F972D40425B9B7F100C4959C /* DatePrefetch.swift in Sources */ = {isa = PBXBuildFile; fileRef = F972D40325B9B7F100C4959C /* DatePrefetch.swift */; };
		F972D41825BA63DC00C4959C /* Date+.swift in Sources */ = {isa = PBXBuildFile; fileRef = F972D41725BA63DC00C4959C /* Date+.swift */; };
		F972D42025BA6CBB00C4959C /* CoreDataService.swift in Sources */ = {isa = PBXBuildFile; fileRef = F972D41F25BA6CBB00C4959C /* CoreDataService.swift */; };
		F972D44325BA915000C4959C /* Task.swift in Sources */ = {isa = PBXBuildFile; fileRef = F972D44125BA915000C4959C /* Task.swift */; };
		F972D45025BAAA7700C4959C /* TaskCell.swift in Sources */ = {isa = PBXBuildFile; fileRef = F972D44F25BAAA7700C4959C /* TaskCell.swift */; };
		F972D45525BAAAA300C4959C /* BaseTableViewCell.swift in Sources */ = {isa = PBXBuildFile; fileRef = F972D45425BAAAA300C4959C /* BaseTableViewCell.swift */; };
		F972D45A25BAABD700C4959C /* BaseTableView.swift in Sources */ = {isa = PBXBuildFile; fileRef = F972D45925BAABD700C4959C /* BaseTableView.swift */; };
		F9BB777825B7867900616024 /* AppDelegate.swift in Sources */ = {isa = PBXBuildFile; fileRef = F9BB777725B7867900616024 /* AppDelegate.swift */; };
		F9BB778225B7867900616024 /* Daimo.xcdatamodeld in Sources */ = {isa = PBXBuildFile; fileRef = F9BB778025B7867900616024 /* Daimo.xcdatamodeld */; };
		F9BB778425B7867A00616024 /* Images.xcassets in Resources */ = {isa = PBXBuildFile; fileRef = F9BB778325B7867A00616024 /* Images.xcassets */; };
		F9BB778725B7867A00616024 /* LaunchScreen.storyboard in Resources */ = {isa = PBXBuildFile; fileRef = F9BB778525B7867A00616024 /* LaunchScreen.storyboard */; };
		F9BB779225B7867A00616024 /* DaimoTests.swift in Sources */ = {isa = PBXBuildFile; fileRef = F9BB779125B7867A00616024 /* DaimoTests.swift */; };
		F9BB779D25B7867A00616024 /* DaimoUITests.swift in Sources */ = {isa = PBXBuildFile; fileRef = F9BB779C25B7867A00616024 /* DaimoUITests.swift */; };
		F9BB77C525B787B000616024 /* Then in Frameworks */ = {isa = PBXBuildFile; productRef = F9BB77C425B787B000616024 /* Then */; };
		F9BB77CB25B787D200616024 /* RxRelay in Frameworks */ = {isa = PBXBuildFile; productRef = F9BB77CA25B787D200616024 /* RxRelay */; };
		F9BB77CD25B787D200616024 /* RxCocoa in Frameworks */ = {isa = PBXBuildFile; productRef = F9BB77CC25B787D200616024 /* RxCocoa */; };
		F9BB77CF25B787D200616024 /* RxSwift in Frameworks */ = {isa = PBXBuildFile; productRef = F9BB77CE25B787D200616024 /* RxSwift */; };
		F9BB77D525B787F200616024 /* SnapKit in Frameworks */ = {isa = PBXBuildFile; productRef = F9BB77D425B787F200616024 /* SnapKit */; };
		F9BB77F625B789A200616024 /* SplashViewController.swift in Sources */ = {isa = PBXBuildFile; fileRef = F9BB77F525B789A200616024 /* SplashViewController.swift */; };
		F9BB77FE25B789A800616024 /* SplashViewModel.swift in Sources */ = {isa = PBXBuildFile; fileRef = F9BB77FD25B789A800616024 /* SplashViewModel.swift */; };
		F9BB780625B789DC00616024 /* Log.swift in Sources */ = {isa = PBXBuildFile; fileRef = F9BB780525B789DC00616024 /* Log.swift */; };
		F9BB781125B78A0E00616024 /* BaseViewController.swift in Sources */ = {isa = PBXBuildFile; fileRef = F9BB781025B78A0E00616024 /* BaseViewController.swift */; };
		F9BB781625B78A1200616024 /* BaseViewModel.swift in Sources */ = {isa = PBXBuildFile; fileRef = F9BB781525B78A1200616024 /* BaseViewModel.swift */; };
		F9C98C6625B78E690027AC60 /* UIViewController+Rx.swift in Sources */ = {isa = PBXBuildFile; fileRef = F9C98C6525B78E690027AC60 /* UIViewController+Rx.swift */; };
		F9C98C6E25B78F240027AC60 /* ObservableType+.swift in Sources */ = {isa = PBXBuildFile; fileRef = F9C98C6D25B78F240027AC60 /* ObservableType+.swift */; };
		F9C98C7425B78F860027AC60 /* TaskViewController.swift in Sources */ = {isa = PBXBuildFile; fileRef = F9C98C7325B78F860027AC60 /* TaskViewController.swift */; };
		F9C98C7C25B78F8B0027AC60 /* TaskViewModel.swift in Sources */ = {isa = PBXBuildFile; fileRef = F9C98C7B25B78F8B0027AC60 /* TaskViewModel.swift */; };
/* End PBXBuildFile section */

/* Begin PBXContainerItemProxy section */
		F9BB778E25B7867A00616024 /* PBXContainerItemProxy */ = {
			isa = PBXContainerItemProxy;
			containerPortal = F9BB776C25B7867800616024 /* Project object */;
			proxyType = 1;
			remoteGlobalIDString = F9BB777325B7867900616024;
			remoteInfo = Daimo;
		};
		F9BB779925B7867A00616024 /* PBXContainerItemProxy */ = {
			isa = PBXContainerItemProxy;
			containerPortal = F9BB776C25B7867800616024 /* Project object */;
			proxyType = 1;
			remoteGlobalIDString = F9BB777325B7867900616024;
			remoteInfo = Daimo;
		};
/* End PBXContainerItemProxy section */

/* Begin PBXFileReference section */
		F972D32025B81CC200C4959C /* DateService.swift */ = {isa = PBXFileReference; lastKnownFileType = sourcecode.swift; path = DateService.swift; sourceTree = "<group>"; };
		F972D32925B8508D00C4959C /* UIView+.swift */ = {isa = PBXFileReference; lastKnownFileType = sourcecode.swift; path = "UIView+.swift"; sourceTree = "<group>"; };
		F972D33125B851C100C4959C /* UITableView+.swift */ = {isa = PBXFileReference; lastKnownFileType = sourcecode.swift; path = "UITableView+.swift"; sourceTree = "<group>"; };
		F972D33725B8520200C4959C /* NSObject+.swift */ = {isa = PBXFileReference; lastKnownFileType = sourcecode.swift; path = "NSObject+.swift"; sourceTree = "<group>"; };
		F972D33F25B8536600C4959C /* BaseNavigationController.swift */ = {isa = PBXFileReference; lastKnownFileType = sourcecode.swift; path = BaseNavigationController.swift; sourceTree = "<group>"; };
		F972D34525B8542800C4959C /* PeriodType.swift */ = {isa = PBXFileReference; lastKnownFileType = sourcecode.swift; path = PeriodType.swift; sourceTree = "<group>"; };
		F972D35625B854DC00C4959C /* AppDelegate+Inject.swift */ = {isa = PBXFileReference; lastKnownFileType = sourcecode.swift; path = "AppDelegate+Inject.swift"; sourceTree = "<group>"; };
		F972D36625B8599F00C4959C /* HANYGO230.ttf */ = {isa = PBXFileReference; lastKnownFileType = file; path = HANYGO230.ttf; sourceTree = "<group>"; };
		F972D36725B8599F00C4959C /* Champagne & Limousines Bold.ttf */ = {isa = PBXFileReference; lastKnownFileType = file; path = "Champagne & Limousines Bold.ttf"; sourceTree = "<group>"; };
		F972D36E25B85A0200C4959C /* Font.swift */ = {isa = PBXFileReference; lastKnownFileType = sourcecode.swift; path = Font.swift; sourceTree = "<group>"; };
		F972D37725B85ABD00C4959C /* PeriodView.swift */ = {isa = PBXFileReference; lastKnownFileType = sourcecode.swift; path = PeriodView.swift; sourceTree = "<group>"; };
		F972D38225B85B7500C4959C /* Color.swift */ = {isa = PBXFileReference; lastKnownFileType = sourcecode.swift; path = Color.swift; sourceTree = "<group>"; };
		F972D38725B85BD300C4959C /* BaseView.swift */ = {isa = PBXFileReference; lastKnownFileType = sourcecode.swift; path = BaseView.swift; sourceTree = "<group>"; };
		F972D38C25B86F5800C4959C /* UICollectionView.swift */ = {isa = PBXFileReference; lastKnownFileType = sourcecode.swift; path = UICollectionView.swift; sourceTree = "<group>"; };
		F972D39125B8705000C4959C /* Device.swift */ = {isa = PBXFileReference; lastKnownFileType = sourcecode.swift; path = Device.swift; sourceTree = "<group>"; };
		F972D39625B8986400C4959C /* PeriodCell.swift */ = {isa = PBXFileReference; lastKnownFileType = sourcecode.swift; path = PeriodCell.swift; sourceTree = "<group>"; };
		F972D39B25B8988000C4959C /* BaseCollectionViewCell.swift */ = {isa = PBXFileReference; lastKnownFileType = sourcecode.swift; path = BaseCollectionViewCell.swift; sourceTree = "<group>"; };
		F972D3A025B89EAA00C4959C /* PeriodViewModel.swift */ = {isa = PBXFileReference; lastKnownFileType = sourcecode.swift; path = PeriodViewModel.swift; sourceTree = "<group>"; };
		F972D3DB25B9230A00C4959C /* BaseCollectionView.swift */ = {isa = PBXFileReference; lastKnownFileType = sourcecode.swift; path = BaseCollectionView.swift; sourceTree = "<group>"; };
		F972D40325B9B7F100C4959C /* DatePrefetch.swift */ = {isa = PBXFileReference; lastKnownFileType = sourcecode.swift; path = DatePrefetch.swift; sourceTree = "<group>"; };
		F972D41725BA63DC00C4959C /* Date+.swift */ = {isa = PBXFileReference; lastKnownFileType = sourcecode.swift; path = "Date+.swift"; sourceTree = "<group>"; };
		F972D41F25BA6CBB00C4959C /* CoreDataService.swift */ = {isa = PBXFileReference; lastKnownFileType = sourcecode.swift; path = CoreDataService.swift; sourceTree = "<group>"; };
		F972D44125BA915000C4959C /* Task.swift */ = {isa = PBXFileReference; lastKnownFileType = sourcecode.swift; path = Task.swift; sourceTree = "<group>"; };
		F972D44F25BAAA7700C4959C /* TaskCell.swift */ = {isa = PBXFileReference; lastKnownFileType = sourcecode.swift; path = TaskCell.swift; sourceTree = "<group>"; };
		F972D45425BAAAA300C4959C /* BaseTableViewCell.swift */ = {isa = PBXFileReference; lastKnownFileType = sourcecode.swift; path = BaseTableViewCell.swift; sourceTree = "<group>"; };
		F972D45925BAABD700C4959C /* BaseTableView.swift */ = {isa = PBXFileReference; lastKnownFileType = sourcecode.swift; path = BaseTableView.swift; sourceTree = "<group>"; };
		F9BB777425B7867900616024 /* Daimo.app */ = {isa = PBXFileReference; explicitFileType = wrapper.application; includeInIndex = 0; path = Daimo.app; sourceTree = BUILT_PRODUCTS_DIR; };
		F9BB777725B7867900616024 /* AppDelegate.swift */ = {isa = PBXFileReference; lastKnownFileType = sourcecode.swift; path = AppDelegate.swift; sourceTree = "<group>"; };
		F9BB778125B7867900616024 /* Daimo.xcdatamodel */ = {isa = PBXFileReference; lastKnownFileType = wrapper.xcdatamodel; path = Daimo.xcdatamodel; sourceTree = "<group>"; };
		F9BB778325B7867A00616024 /* Images.xcassets */ = {isa = PBXFileReference; lastKnownFileType = folder.assetcatalog; path = Images.xcassets; sourceTree = "<group>"; };
		F9BB778625B7867A00616024 /* Base */ = {isa = PBXFileReference; lastKnownFileType = file.storyboard; name = Base; path = Base.lproj/LaunchScreen.storyboard; sourceTree = "<group>"; };
		F9BB778825B7867A00616024 /* Info.plist */ = {isa = PBXFileReference; lastKnownFileType = text.plist.xml; path = Info.plist; sourceTree = "<group>"; };
		F9BB778D25B7867A00616024 /* DaimoTests.xctest */ = {isa = PBXFileReference; explicitFileType = wrapper.cfbundle; includeInIndex = 0; path = DaimoTests.xctest; sourceTree = BUILT_PRODUCTS_DIR; };
		F9BB779125B7867A00616024 /* DaimoTests.swift */ = {isa = PBXFileReference; lastKnownFileType = sourcecode.swift; path = DaimoTests.swift; sourceTree = "<group>"; };
		F9BB779325B7867A00616024 /* Info.plist */ = {isa = PBXFileReference; lastKnownFileType = text.plist.xml; path = Info.plist; sourceTree = "<group>"; };
		F9BB779825B7867A00616024 /* DaimoUITests.xctest */ = {isa = PBXFileReference; explicitFileType = wrapper.cfbundle; includeInIndex = 0; path = DaimoUITests.xctest; sourceTree = BUILT_PRODUCTS_DIR; };
		F9BB779C25B7867A00616024 /* DaimoUITests.swift */ = {isa = PBXFileReference; lastKnownFileType = sourcecode.swift; path = DaimoUITests.swift; sourceTree = "<group>"; };
		F9BB779E25B7867A00616024 /* Info.plist */ = {isa = PBXFileReference; lastKnownFileType = text.plist.xml; path = Info.plist; sourceTree = "<group>"; };
		F9BB77F525B789A200616024 /* SplashViewController.swift */ = {isa = PBXFileReference; lastKnownFileType = sourcecode.swift; path = SplashViewController.swift; sourceTree = "<group>"; };
		F9BB77FD25B789A800616024 /* SplashViewModel.swift */ = {isa = PBXFileReference; lastKnownFileType = sourcecode.swift; path = SplashViewModel.swift; sourceTree = "<group>"; };
		F9BB780525B789DC00616024 /* Log.swift */ = {isa = PBXFileReference; lastKnownFileType = sourcecode.swift; path = Log.swift; sourceTree = "<group>"; };
		F9BB781025B78A0E00616024 /* BaseViewController.swift */ = {isa = PBXFileReference; lastKnownFileType = sourcecode.swift; path = BaseViewController.swift; sourceTree = "<group>"; };
		F9BB781525B78A1200616024 /* BaseViewModel.swift */ = {isa = PBXFileReference; lastKnownFileType = sourcecode.swift; path = BaseViewModel.swift; sourceTree = "<group>"; };
		F9C98C6525B78E690027AC60 /* UIViewController+Rx.swift */ = {isa = PBXFileReference; lastKnownFileType = sourcecode.swift; path = "UIViewController+Rx.swift"; sourceTree = "<group>"; };
		F9C98C6D25B78F240027AC60 /* ObservableType+.swift */ = {isa = PBXFileReference; lastKnownFileType = sourcecode.swift; path = "ObservableType+.swift"; sourceTree = "<group>"; };
		F9C98C7325B78F860027AC60 /* TaskViewController.swift */ = {isa = PBXFileReference; lastKnownFileType = sourcecode.swift; path = TaskViewController.swift; sourceTree = "<group>"; };
		F9C98C7B25B78F8B0027AC60 /* TaskViewModel.swift */ = {isa = PBXFileReference; lastKnownFileType = sourcecode.swift; path = TaskViewModel.swift; sourceTree = "<group>"; };
/* End PBXFileReference section */

/* Begin PBXFrameworksBuildPhase section */
		F9BB777125B7867900616024 /* Frameworks */ = {
			isa = PBXFrameworksBuildPhase;
			buildActionMask = 2147483647;
			files = (
				F972D35225B854CA00C4959C /* Resolver in Frameworks */,
				F9BB77CD25B787D200616024 /* RxCocoa in Frameworks */,
				F9BB77CB25B787D200616024 /* RxRelay in Frameworks */,
				F9BB77CF25B787D200616024 /* RxSwift in Frameworks */,
				F9BB77C525B787B000616024 /* Then in Frameworks */,
				F9BB77D525B787F200616024 /* SnapKit in Frameworks */,
				F972D3E225B9A68F00C4959C /* InfiniteLayout in Frameworks */,
			);
			runOnlyForDeploymentPostprocessing = 0;
		};
		F9BB778A25B7867A00616024 /* Frameworks */ = {
			isa = PBXFrameworksBuildPhase;
			buildActionMask = 2147483647;
			files = (
			);
			runOnlyForDeploymentPostprocessing = 0;
		};
		F9BB779525B7867A00616024 /* Frameworks */ = {
			isa = PBXFrameworksBuildPhase;
			buildActionMask = 2147483647;
			files = (
			);
			runOnlyForDeploymentPostprocessing = 0;
		};
/* End PBXFrameworksBuildPhase section */

/* Begin PBXGroup section */
		F972D31F25B81CA700C4959C /* Services */ = {
			isa = PBXGroup;
			children = (
				F972D32025B81CC200C4959C /* DateService.swift */,
				F972D41F25BA6CBB00C4959C /* CoreDataService.swift */,
			);
			path = Services;
			sourceTree = "<group>";
		};
		F972D32825B8508700C4959C /* UIKit */ = {
			isa = PBXGroup;
			children = (
				F972D32925B8508D00C4959C /* UIView+.swift */,
				F972D33125B851C100C4959C /* UITableView+.swift */,
				F972D38C25B86F5800C4959C /* UICollectionView.swift */,
			);
			path = UIKit;
			sourceTree = "<group>";
		};
		F972D33625B851FC00C4959C /* Foundation */ = {
			isa = PBXGroup;
			children = (
				F972D33725B8520200C4959C /* NSObject+.swift */,
				F972D41725BA63DC00C4959C /* Date+.swift */,
			);
			path = Foundation;
			sourceTree = "<group>";
		};
		F972D34425B8541900C4959C /* Enums */ = {
			isa = PBXGroup;
			children = (
				F972D34525B8542800C4959C /* PeriodType.swift */,
			);
			path = Enums;
			sourceTree = "<group>";
		};
		F972D35B25B8594F00C4959C /* Fonts */ = {
			isa = PBXGroup;
			children = (
				F972D36725B8599F00C4959C /* Champagne & Limousines Bold.ttf */,
				F972D36625B8599F00C4959C /* HANYGO230.ttf */,
			);
			path = Fonts;
			sourceTree = "<group>";
		};
		F972D36D25B859FB00C4959C /* Constants */ = {
			isa = PBXGroup;
			children = (
				F972D36E25B85A0200C4959C /* Font.swift */,
				F972D38225B85B7500C4959C /* Color.swift */,
				F972D39125B8705000C4959C /* Device.swift */,
			);
			path = Constants;
			sourceTree = "<group>";
		};
		F972D40225B9B7D400C4959C /* Models */ = {
			isa = PBXGroup;
			children = (
				F972D40325B9B7F100C4959C /* DatePrefetch.swift */,
				F972D44125BA915000C4959C /* Task.swift */,
			);
			path = Models;
			sourceTree = "<group>";
		};
		F972D45F25BAAD6000C4959C /* Period */ = {
			isa = PBXGroup;
			children = (
				F972D37725B85ABD00C4959C /* PeriodView.swift */,
				F972D3A025B89EAA00C4959C /* PeriodViewModel.swift */,
				F972D39625B8986400C4959C /* PeriodCell.swift */,
			);
			path = Period;
			sourceTree = "<group>";
		};
		F9BB776B25B7867800616024 = {
			isa = PBXGroup;
			children = (
				F9BB777625B7867900616024 /* Daimo */,
				F9BB779025B7867A00616024 /* DaimoTests */,
				F9BB779B25B7867A00616024 /* DaimoUITests */,
				F9BB777525B7867900616024 /* Products */,
			);
			sourceTree = "<group>";
		};
		F9BB777525B7867900616024 /* Products */ = {
			isa = PBXGroup;
			children = (
				F9BB777425B7867900616024 /* Daimo.app */,
				F9BB778D25B7867A00616024 /* DaimoTests.xctest */,
				F9BB779825B7867A00616024 /* DaimoUITests.xctest */,
			);
			name = Products;
			sourceTree = "<group>";
		};
		F9BB777625B7867900616024 /* Daimo */ = {
			isa = PBXGroup;
			children = (
				F9BB77B625B786EA00616024 /* Sources */,
				F9BB77B725B786EF00616024 /* Resources */,
				F9BB77B825B786F400616024 /* Supportings */,
			);
			path = Daimo;
			sourceTree = "<group>";
		};
		F9BB779025B7867A00616024 /* DaimoTests */ = {
			isa = PBXGroup;
			children = (
				F9BB779125B7867A00616024 /* DaimoTests.swift */,
				F9BB779325B7867A00616024 /* Info.plist */,
			);
			path = DaimoTests;
			sourceTree = "<group>";
		};
		F9BB779B25B7867A00616024 /* DaimoUITests */ = {
			isa = PBXGroup;
			children = (
				F9BB779C25B7867A00616024 /* DaimoUITests.swift */,
				F9BB779E25B7867A00616024 /* Info.plist */,
			);
			path = DaimoUITests;
			sourceTree = "<group>";
		};
		F9BB77B625B786EA00616024 /* Sources */ = {
			isa = PBXGroup;
			children = (
				F9BB77BA25B7870C00616024 /* Application */,
				F9BB77B925B7870300616024 /* Scenes */,
				F972D31F25B81CA700C4959C /* Services */,
				F972D34425B8541900C4959C /* Enums */,
				F972D40225B9B7D400C4959C /* Models */,
				F9BB780225B789BF00616024 /* Commons */,
			);
			path = Sources;
			sourceTree = "<group>";
		};
		F9BB77B725B786EF00616024 /* Resources */ = {
			isa = PBXGroup;
			children = (
				F9BB77C025B7874700616024 /* Assets */,
				F972D35B25B8594F00C4959C /* Fonts */,
				F9BB77BC25B7873200616024 /* Storyboards */,
			);
			path = Resources;
			sourceTree = "<group>";
		};
		F9BB77B825B786F400616024 /* Supportings */ = {
			isa = PBXGroup;
			children = (
				F9BB77C225B7875F00616024 /* datamodeleds */,
				F9BB77C125B7875300616024 /* plists */,
			);
			path = Supportings;
			sourceTree = "<group>";
		};
		F9BB77B925B7870300616024 /* Scenes */ = {
			isa = PBXGroup;
			children = (
				F9BB77F425B7899800616024 /* Splash */,
				F9C98C7225B78F6D0027AC60 /* Task */,
				F972D45F25BAAD6000C4959C /* Period */,
			);
			path = Scenes;
			sourceTree = "<group>";
		};
		F9BB77BA25B7870C00616024 /* Application */ = {
			isa = PBXGroup;
			children = (
				F9BB777725B7867900616024 /* AppDelegate.swift */,
				F972D35625B854DC00C4959C /* AppDelegate+Inject.swift */,
			);
			path = Application;
			sourceTree = "<group>";
		};
		F9BB77BC25B7873200616024 /* Storyboards */ = {
			isa = PBXGroup;
			children = (
				F9BB778525B7867A00616024 /* LaunchScreen.storyboard */,
			);
			path = Storyboards;
			sourceTree = "<group>";
		};
		F9BB77C025B7874700616024 /* Assets */ = {
			isa = PBXGroup;
			children = (
				F9BB778325B7867A00616024 /* Images.xcassets */,
			);
			path = Assets;
			sourceTree = "<group>";
		};
		F9BB77C125B7875300616024 /* plists */ = {
			isa = PBXGroup;
			children = (
				F9BB778825B7867A00616024 /* Info.plist */,
			);
			path = plists;
			sourceTree = "<group>";
		};
		F9BB77C225B7875F00616024 /* datamodeleds */ = {
			isa = PBXGroup;
			children = (
				F9BB778025B7867900616024 /* Daimo.xcdatamodeld */,
			);
			path = datamodeleds;
			sourceTree = "<group>";
		};
		F9BB77F425B7899800616024 /* Splash */ = {
			isa = PBXGroup;
			children = (
				F9BB77F525B789A200616024 /* SplashViewController.swift */,
				F9BB77FD25B789A800616024 /* SplashViewModel.swift */,
			);
			path = Splash;
			sourceTree = "<group>";
		};
		F9BB780225B789BF00616024 /* Commons */ = {
			isa = PBXGroup;
			children = (
				F972D36D25B859FB00C4959C /* Constants */,
				F9C98C6325B78E460027AC60 /* Extensions */,
				F9BB780425B789D000616024 /* Bases */,
				F9BB780325B789CB00616024 /* Utils */,
			);
			path = Commons;
			sourceTree = "<group>";
		};
		F9BB780325B789CB00616024 /* Utils */ = {
			isa = PBXGroup;
			children = (
				F9BB780525B789DC00616024 /* Log.swift */,
			);
			path = Utils;
			sourceTree = "<group>";
		};
		F9BB780425B789D000616024 /* Bases */ = {
			isa = PBXGroup;
			children = (
				F9BB781025B78A0E00616024 /* BaseViewController.swift */,
				F9BB781525B78A1200616024 /* BaseViewModel.swift */,
				F972D33F25B8536600C4959C /* BaseNavigationController.swift */,
				F972D38725B85BD300C4959C /* BaseView.swift */,
				F972D3DB25B9230A00C4959C /* BaseCollectionView.swift */,
				F972D39B25B8988000C4959C /* BaseCollectionViewCell.swift */,
				F972D45925BAABD700C4959C /* BaseTableView.swift */,
				F972D45425BAAAA300C4959C /* BaseTableViewCell.swift */,
			);
			path = Bases;
			sourceTree = "<group>";
		};
		F9C98C6325B78E460027AC60 /* Extensions */ = {
			isa = PBXGroup;
			children = (
				F972D33625B851FC00C4959C /* Foundation */,
				F972D32825B8508700C4959C /* UIKit */,
				F9C98C6425B78E5E0027AC60 /* Reactive */,
			);
			path = Extensions;
			sourceTree = "<group>";
		};
		F9C98C6425B78E5E0027AC60 /* Reactive */ = {
			isa = PBXGroup;
			children = (
				F9C98C6525B78E690027AC60 /* UIViewController+Rx.swift */,
				F9C98C6D25B78F240027AC60 /* ObservableType+.swift */,
			);
			path = Reactive;
			sourceTree = "<group>";
		};
		F9C98C7225B78F6D0027AC60 /* Task */ = {
			isa = PBXGroup;
			children = (
				F9C98C7325B78F860027AC60 /* TaskViewController.swift */,
				F9C98C7B25B78F8B0027AC60 /* TaskViewModel.swift */,
				F972D44F25BAAA7700C4959C /* TaskCell.swift */,
			);
			path = Task;
			sourceTree = "<group>";
		};
/* End PBXGroup section */

/* Begin PBXNativeTarget section */
		F9BB777325B7867900616024 /* Daimo */ = {
			isa = PBXNativeTarget;
			buildConfigurationList = F9BB77A125B7867A00616024 /* Build configuration list for PBXNativeTarget "Daimo" */;
			buildPhases = (
				F9BB777025B7867900616024 /* Sources */,
				F9BB777125B7867900616024 /* Frameworks */,
				F9BB777225B7867900616024 /* Resources */,
			);
			buildRules = (
			);
			dependencies = (
			);
			name = Daimo;
			packageProductDependencies = (
				F9BB77C425B787B000616024 /* Then */,
				F9BB77CA25B787D200616024 /* RxRelay */,
				F9BB77CC25B787D200616024 /* RxCocoa */,
				F9BB77CE25B787D200616024 /* RxSwift */,
				F9BB77D425B787F200616024 /* SnapKit */,
				F972D35125B854CA00C4959C /* Resolver */,
				F972D3E125B9A68F00C4959C /* InfiniteLayout */,
			);
			productName = Daimo;
			productReference = F9BB777425B7867900616024 /* Daimo.app */;
			productType = "com.apple.product-type.application";
		};
		F9BB778C25B7867A00616024 /* DaimoTests */ = {
			isa = PBXNativeTarget;
			buildConfigurationList = F9BB77A425B7867A00616024 /* Build configuration list for PBXNativeTarget "DaimoTests" */;
			buildPhases = (
				F9BB778925B7867A00616024 /* Sources */,
				F9BB778A25B7867A00616024 /* Frameworks */,
				F9BB778B25B7867A00616024 /* Resources */,
			);
			buildRules = (
			);
			dependencies = (
				F9BB778F25B7867A00616024 /* PBXTargetDependency */,
			);
			name = DaimoTests;
			productName = DaimoTests;
			productReference = F9BB778D25B7867A00616024 /* DaimoTests.xctest */;
			productType = "com.apple.product-type.bundle.unit-test";
		};
		F9BB779725B7867A00616024 /* DaimoUITests */ = {
			isa = PBXNativeTarget;
			buildConfigurationList = F9BB77A725B7867A00616024 /* Build configuration list for PBXNativeTarget "DaimoUITests" */;
			buildPhases = (
				F9BB779425B7867A00616024 /* Sources */,
				F9BB779525B7867A00616024 /* Frameworks */,
				F9BB779625B7867A00616024 /* Resources */,
			);
			buildRules = (
			);
			dependencies = (
				F9BB779A25B7867A00616024 /* PBXTargetDependency */,
			);
			name = DaimoUITests;
			productName = DaimoUITests;
			productReference = F9BB779825B7867A00616024 /* DaimoUITests.xctest */;
			productType = "com.apple.product-type.bundle.ui-testing";
		};
/* End PBXNativeTarget section */

/* Begin PBXProject section */
		F9BB776C25B7867800616024 /* Project object */ = {
			isa = PBXProject;
			attributes = {
				LastSwiftUpdateCheck = 1230;
				LastUpgradeCheck = 1230;
				TargetAttributes = {
					F9BB777325B7867900616024 = {
						CreatedOnToolsVersion = 12.3;
					};
					F9BB778C25B7867A00616024 = {
						CreatedOnToolsVersion = 12.3;
						TestTargetID = F9BB777325B7867900616024;
					};
					F9BB779725B7867A00616024 = {
						CreatedOnToolsVersion = 12.3;
						TestTargetID = F9BB777325B7867900616024;
					};
				};
			};
			buildConfigurationList = F9BB776F25B7867800616024 /* Build configuration list for PBXProject "Daimo" */;
			compatibilityVersion = "Xcode 9.3";
			developmentRegion = en;
			hasScannedForEncodings = 0;
			knownRegions = (
				en,
				Base,
			);
			mainGroup = F9BB776B25B7867800616024;
			packageReferences = (
				F9BB77C325B787B000616024 /* XCRemoteSwiftPackageReference "Then" */,
				F9BB77C925B787D200616024 /* XCRemoteSwiftPackageReference "RxSwift" */,
				F9BB77D325B787F200616024 /* XCRemoteSwiftPackageReference "SnapKit" */,
				F972D35025B854CA00C4959C /* XCRemoteSwiftPackageReference "Resolver" */,
				F972D3E025B9A68E00C4959C /* XCRemoteSwiftPackageReference "InfiniteLayout" */,
			);
			productRefGroup = F9BB777525B7867900616024 /* Products */;
			projectDirPath = "";
			projectRoot = "";
			targets = (
				F9BB777325B7867900616024 /* Daimo */,
				F9BB778C25B7867A00616024 /* DaimoTests */,
				F9BB779725B7867A00616024 /* DaimoUITests */,
			);
		};
/* End PBXProject section */

/* Begin PBXResourcesBuildPhase section */
		F9BB777225B7867900616024 /* Resources */ = {
			isa = PBXResourcesBuildPhase;
			buildActionMask = 2147483647;
			files = (
				F972D36825B8599F00C4959C /* HANYGO230.ttf in Resources */,
				F9BB778725B7867A00616024 /* LaunchScreen.storyboard in Resources */,
				F972D36925B8599F00C4959C /* Champagne & Limousines Bold.ttf in Resources */,
				F9BB778425B7867A00616024 /* Images.xcassets in Resources */,
			);
			runOnlyForDeploymentPostprocessing = 0;
		};
		F9BB778B25B7867A00616024 /* Resources */ = {
			isa = PBXResourcesBuildPhase;
			buildActionMask = 2147483647;
			files = (
			);
			runOnlyForDeploymentPostprocessing = 0;
		};
		F9BB779625B7867A00616024 /* Resources */ = {
			isa = PBXResourcesBuildPhase;
			buildActionMask = 2147483647;
			files = (
			);
			runOnlyForDeploymentPostprocessing = 0;
		};
/* End PBXResourcesBuildPhase section */

/* Begin PBXSourcesBuildPhase section */
		F9BB777025B7867900616024 /* Sources */ = {
			isa = PBXSourcesBuildPhase;
			buildActionMask = 2147483647;
			files = (
				F9C98C7C25B78F8B0027AC60 /* TaskViewModel.swift in Sources */,
				F972D34625B8542800C4959C /* PeriodType.swift in Sources */,
				F972D38325B85B7500C4959C /* Color.swift in Sources */,
				F972D3A125B89EAA00C4959C /* PeriodViewModel.swift in Sources */,
				F9BB77F625B789A200616024 /* SplashViewController.swift in Sources */,
				F9BB778225B7867900616024 /* Daimo.xcdatamodeld in Sources */,
				F972D36F25B85A0200C4959C /* Font.swift in Sources */,
				F972D45025BAAA7700C4959C /* TaskCell.swift in Sources */,
				F972D41825BA63DC00C4959C /* Date+.swift in Sources */,
				F972D33225B851C100C4959C /* UITableView+.swift in Sources */,
				F972D35725B854DC00C4959C /* AppDelegate+Inject.swift in Sources */,
				F972D44325BA915000C4959C /* Task.swift in Sources */,
				F972D45525BAAAA300C4959C /* BaseTableViewCell.swift in Sources */,
				F972D32125B81CC200C4959C /* DateService.swift in Sources */,
				F972D38825B85BD300C4959C /* BaseView.swift in Sources */,
				F9BB780625B789DC00616024 /* Log.swift in Sources */,
				F972D39C25B8988000C4959C /* BaseCollectionViewCell.swift in Sources */,
				F972D38D25B86F5800C4959C /* UICollectionView.swift in Sources */,
				F9C98C6E25B78F240027AC60 /* ObservableType+.swift in Sources */,
				F972D40425B9B7F100C4959C /* DatePrefetch.swift in Sources */,
				F9BB781625B78A1200616024 /* BaseViewModel.swift in Sources */,
				F972D42025BA6CBB00C4959C /* CoreDataService.swift in Sources */,
				F972D34025B8536600C4959C /* BaseNavigationController.swift in Sources */,
				F972D39225B8705000C4959C /* Device.swift in Sources */,
				F9BB777825B7867900616024 /* AppDelegate.swift in Sources */,
				F9BB77FE25B789A800616024 /* SplashViewModel.swift in Sources */,
				F972D39725B8986400C4959C /* PeriodCell.swift in Sources */,
				F972D3DC25B9230A00C4959C /* BaseCollectionView.swift in Sources */,
				F972D33825B8520200C4959C /* NSObject+.swift in Sources */,
				F972D45A25BAABD700C4959C /* BaseTableView.swift in Sources */,
				F972D37825B85ABD00C4959C /* PeriodView.swift in Sources */,
				F9C98C7425B78F860027AC60 /* TaskViewController.swift in Sources */,
				F972D32A25B8508D00C4959C /* UIView+.swift in Sources */,
				F9C98C6625B78E690027AC60 /* UIViewController+Rx.swift in Sources */,
				F9BB781125B78A0E00616024 /* BaseViewController.swift in Sources */,
			);
			runOnlyForDeploymentPostprocessing = 0;
		};
		F9BB778925B7867A00616024 /* Sources */ = {
			isa = PBXSourcesBuildPhase;
			buildActionMask = 2147483647;
			files = (
				F9BB779225B7867A00616024 /* DaimoTests.swift in Sources */,
			);
			runOnlyForDeploymentPostprocessing = 0;
		};
		F9BB779425B7867A00616024 /* Sources */ = {
			isa = PBXSourcesBuildPhase;
			buildActionMask = 2147483647;
			files = (
				F9BB779D25B7867A00616024 /* DaimoUITests.swift in Sources */,
			);
			runOnlyForDeploymentPostprocessing = 0;
		};
/* End PBXSourcesBuildPhase section */

/* Begin PBXTargetDependency section */
		F9BB778F25B7867A00616024 /* PBXTargetDependency */ = {
			isa = PBXTargetDependency;
			target = F9BB777325B7867900616024 /* Daimo */;
			targetProxy = F9BB778E25B7867A00616024 /* PBXContainerItemProxy */;
		};
		F9BB779A25B7867A00616024 /* PBXTargetDependency */ = {
			isa = PBXTargetDependency;
			target = F9BB777325B7867900616024 /* Daimo */;
			targetProxy = F9BB779925B7867A00616024 /* PBXContainerItemProxy */;
		};
/* End PBXTargetDependency section */

/* Begin PBXVariantGroup section */
		F9BB778525B7867A00616024 /* LaunchScreen.storyboard */ = {
			isa = PBXVariantGroup;
			children = (
				F9BB778625B7867A00616024 /* Base */,
			);
			name = LaunchScreen.storyboard;
			sourceTree = "<group>";
		};
/* End PBXVariantGroup section */

/* Begin XCBuildConfiguration section */
		F9BB779F25B7867A00616024 /* Debug */ = {
			isa = XCBuildConfiguration;
			buildSettings = {
				ALWAYS_SEARCH_USER_PATHS = NO;
				CLANG_ANALYZER_NONNULL = YES;
				CLANG_ANALYZER_NUMBER_OBJECT_CONVERSION = YES_AGGRESSIVE;
				CLANG_CXX_LANGUAGE_STANDARD = "gnu++14";
				CLANG_CXX_LIBRARY = "libc++";
				CLANG_ENABLE_MODULES = YES;
				CLANG_ENABLE_OBJC_ARC = YES;
				CLANG_ENABLE_OBJC_WEAK = YES;
				CLANG_WARN_BLOCK_CAPTURE_AUTORELEASING = YES;
				CLANG_WARN_BOOL_CONVERSION = YES;
				CLANG_WARN_COMMA = YES;
				CLANG_WARN_CONSTANT_CONVERSION = YES;
				CLANG_WARN_DEPRECATED_OBJC_IMPLEMENTATIONS = YES;
				CLANG_WARN_DIRECT_OBJC_ISA_USAGE = YES_ERROR;
				CLANG_WARN_DOCUMENTATION_COMMENTS = YES;
				CLANG_WARN_EMPTY_BODY = YES;
				CLANG_WARN_ENUM_CONVERSION = YES;
				CLANG_WARN_INFINITE_RECURSION = YES;
				CLANG_WARN_INT_CONVERSION = YES;
				CLANG_WARN_NON_LITERAL_NULL_CONVERSION = YES;
				CLANG_WARN_OBJC_IMPLICIT_RETAIN_SELF = YES;
				CLANG_WARN_OBJC_LITERAL_CONVERSION = YES;
				CLANG_WARN_OBJC_ROOT_CLASS = YES_ERROR;
				CLANG_WARN_QUOTED_INCLUDE_IN_FRAMEWORK_HEADER = YES;
				CLANG_WARN_RANGE_LOOP_ANALYSIS = YES;
				CLANG_WARN_STRICT_PROTOTYPES = YES;
				CLANG_WARN_SUSPICIOUS_MOVE = YES;
				CLANG_WARN_UNGUARDED_AVAILABILITY = YES_AGGRESSIVE;
				CLANG_WARN_UNREACHABLE_CODE = YES;
				CLANG_WARN__DUPLICATE_METHOD_MATCH = YES;
				COPY_PHASE_STRIP = NO;
				DEBUG_INFORMATION_FORMAT = dwarf;
				ENABLE_STRICT_OBJC_MSGSEND = YES;
				ENABLE_TESTABILITY = YES;
				GCC_C_LANGUAGE_STANDARD = gnu11;
				GCC_DYNAMIC_NO_PIC = NO;
				GCC_NO_COMMON_BLOCKS = YES;
				GCC_OPTIMIZATION_LEVEL = 0;
				GCC_PREPROCESSOR_DEFINITIONS = (
					"DEBUG=1",
					"$(inherited)",
				);
				GCC_WARN_64_TO_32_BIT_CONVERSION = YES;
				GCC_WARN_ABOUT_RETURN_TYPE = YES_ERROR;
				GCC_WARN_UNDECLARED_SELECTOR = YES;
				GCC_WARN_UNINITIALIZED_AUTOS = YES_AGGRESSIVE;
				GCC_WARN_UNUSED_FUNCTION = YES;
				GCC_WARN_UNUSED_VARIABLE = YES;
				INFOPLIST_FILE = "";
				IPHONEOS_DEPLOYMENT_TARGET = 14.0;
				MTL_ENABLE_DEBUG_INFO = INCLUDE_SOURCE;
				MTL_FAST_MATH = YES;
				ONLY_ACTIVE_ARCH = YES;
				SDKROOT = iphoneos;
				SWIFT_ACTIVE_COMPILATION_CONDITIONS = DEBUG;
				SWIFT_OPTIMIZATION_LEVEL = "-Onone";
			};
			name = Debug;
		};
		F9BB77A025B7867A00616024 /* Release */ = {
			isa = XCBuildConfiguration;
			buildSettings = {
				ALWAYS_SEARCH_USER_PATHS = NO;
				CLANG_ANALYZER_NONNULL = YES;
				CLANG_ANALYZER_NUMBER_OBJECT_CONVERSION = YES_AGGRESSIVE;
				CLANG_CXX_LANGUAGE_STANDARD = "gnu++14";
				CLANG_CXX_LIBRARY = "libc++";
				CLANG_ENABLE_MODULES = YES;
				CLANG_ENABLE_OBJC_ARC = YES;
				CLANG_ENABLE_OBJC_WEAK = YES;
				CLANG_WARN_BLOCK_CAPTURE_AUTORELEASING = YES;
				CLANG_WARN_BOOL_CONVERSION = YES;
				CLANG_WARN_COMMA = YES;
				CLANG_WARN_CONSTANT_CONVERSION = YES;
				CLANG_WARN_DEPRECATED_OBJC_IMPLEMENTATIONS = YES;
				CLANG_WARN_DIRECT_OBJC_ISA_USAGE = YES_ERROR;
				CLANG_WARN_DOCUMENTATION_COMMENTS = YES;
				CLANG_WARN_EMPTY_BODY = YES;
				CLANG_WARN_ENUM_CONVERSION = YES;
				CLANG_WARN_INFINITE_RECURSION = YES;
				CLANG_WARN_INT_CONVERSION = YES;
				CLANG_WARN_NON_LITERAL_NULL_CONVERSION = YES;
				CLANG_WARN_OBJC_IMPLICIT_RETAIN_SELF = YES;
				CLANG_WARN_OBJC_LITERAL_CONVERSION = YES;
				CLANG_WARN_OBJC_ROOT_CLASS = YES_ERROR;
				CLANG_WARN_QUOTED_INCLUDE_IN_FRAMEWORK_HEADER = YES;
				CLANG_WARN_RANGE_LOOP_ANALYSIS = YES;
				CLANG_WARN_STRICT_PROTOTYPES = YES;
				CLANG_WARN_SUSPICIOUS_MOVE = YES;
				CLANG_WARN_UNGUARDED_AVAILABILITY = YES_AGGRESSIVE;
				CLANG_WARN_UNREACHABLE_CODE = YES;
				CLANG_WARN__DUPLICATE_METHOD_MATCH = YES;
				COPY_PHASE_STRIP = NO;
				DEBUG_INFORMATION_FORMAT = "dwarf-with-dsym";
				ENABLE_NS_ASSERTIONS = NO;
				ENABLE_STRICT_OBJC_MSGSEND = YES;
				GCC_C_LANGUAGE_STANDARD = gnu11;
				GCC_NO_COMMON_BLOCKS = YES;
				GCC_WARN_64_TO_32_BIT_CONVERSION = YES;
				GCC_WARN_ABOUT_RETURN_TYPE = YES_ERROR;
				GCC_WARN_UNDECLARED_SELECTOR = YES;
				GCC_WARN_UNINITIALIZED_AUTOS = YES_AGGRESSIVE;
				GCC_WARN_UNUSED_FUNCTION = YES;
				GCC_WARN_UNUSED_VARIABLE = YES;
				INFOPLIST_FILE = "";
				IPHONEOS_DEPLOYMENT_TARGET = 14.0;
				MTL_ENABLE_DEBUG_INFO = NO;
				MTL_FAST_MATH = YES;
				SDKROOT = iphoneos;
				SWIFT_COMPILATION_MODE = wholemodule;
				SWIFT_OPTIMIZATION_LEVEL = "-O";
				VALIDATE_PRODUCT = YES;
			};
			name = Release;
		};
		F9BB77A225B7867A00616024 /* Debug */ = {
			isa = XCBuildConfiguration;
			buildSettings = {
				ASSETCATALOG_COMPILER_APPICON_NAME = AppIcon;
				ASSETCATALOG_COMPILER_GLOBAL_ACCENT_COLOR_NAME = AccentColor;
				CODE_SIGN_STYLE = Automatic;
				DEVELOPMENT_TEAM = 4YL8LS5ZJC;
				INFOPLIST_FILE = Daimo/Supportings/plists/info.plist;
				IPHONEOS_DEPLOYMENT_TARGET = 14.0;
				LD_RUNPATH_SEARCH_PATHS = (
					"$(inherited)",
					"@executable_path/Frameworks",
				);
				PRODUCT_BUNDLE_IDENTIFIER = com.sogihyeon.Daimo2;
				PRODUCT_NAME = "$(TARGET_NAME)";
				SWIFT_VERSION = 5.0;
				TARGETED_DEVICE_FAMILY = 1;
			};
			name = Debug;
		};
		F9BB77A325B7867A00616024 /* Release */ = {
			isa = XCBuildConfiguration;
			buildSettings = {
				ASSETCATALOG_COMPILER_APPICON_NAME = AppIcon;
				ASSETCATALOG_COMPILER_GLOBAL_ACCENT_COLOR_NAME = AccentColor;
				CODE_SIGN_STYLE = Automatic;
				DEVELOPMENT_TEAM = 4YL8LS5ZJC;
				INFOPLIST_FILE = Daimo/Supportings/plists/info.plist;
				IPHONEOS_DEPLOYMENT_TARGET = 14.0;
				LD_RUNPATH_SEARCH_PATHS = (
					"$(inherited)",
					"@executable_path/Frameworks",
				);
				PRODUCT_BUNDLE_IDENTIFIER = com.sogihyeon.Daimo2;
				PRODUCT_NAME = "$(TARGET_NAME)";
				SWIFT_VERSION = 5.0;
				TARGETED_DEVICE_FAMILY = 1;
			};
			name = Release;
		};
		F9BB77A525B7867A00616024 /* Debug */ = {
			isa = XCBuildConfiguration;
			buildSettings = {
				ALWAYS_EMBED_SWIFT_STANDARD_LIBRARIES = YES;
				BUNDLE_LOADER = "$(TEST_HOST)";
				CODE_SIGN_STYLE = Automatic;
				DEVELOPMENT_TEAM = 4YL8LS5ZJC;
				INFOPLIST_FILE = DaimoTests/Info.plist;
				IPHONEOS_DEPLOYMENT_TARGET = 14.3;
				LD_RUNPATH_SEARCH_PATHS = (
					"$(inherited)",
					"@executable_path/Frameworks",
					"@loader_path/Frameworks",
				);
				PRODUCT_BUNDLE_IDENTIFIER = com.sogihyeon.DaimoTests;
				PRODUCT_NAME = "$(TARGET_NAME)";
				SWIFT_VERSION = 5.0;
				TARGETED_DEVICE_FAMILY = "1,2";
				TEST_HOST = "$(BUILT_PRODUCTS_DIR)/Daimo.app/Daimo";
			};
			name = Debug;
		};
		F9BB77A625B7867A00616024 /* Release */ = {
			isa = XCBuildConfiguration;
			buildSettings = {
				ALWAYS_EMBED_SWIFT_STANDARD_LIBRARIES = YES;
				BUNDLE_LOADER = "$(TEST_HOST)";
				CODE_SIGN_STYLE = Automatic;
				DEVELOPMENT_TEAM = 4YL8LS5ZJC;
				INFOPLIST_FILE = DaimoTests/Info.plist;
				IPHONEOS_DEPLOYMENT_TARGET = 14.3;
				LD_RUNPATH_SEARCH_PATHS = (
					"$(inherited)",
					"@executable_path/Frameworks",
					"@loader_path/Frameworks",
				);
				PRODUCT_BUNDLE_IDENTIFIER = com.sogihyeon.DaimoTests;
				PRODUCT_NAME = "$(TARGET_NAME)";
				SWIFT_VERSION = 5.0;
				TARGETED_DEVICE_FAMILY = "1,2";
				TEST_HOST = "$(BUILT_PRODUCTS_DIR)/Daimo.app/Daimo";
			};
			name = Release;
		};
		F9BB77A825B7867A00616024 /* Debug */ = {
			isa = XCBuildConfiguration;
			buildSettings = {
				ALWAYS_EMBED_SWIFT_STANDARD_LIBRARIES = YES;
				CODE_SIGN_STYLE = Automatic;
				DEVELOPMENT_TEAM = 4YL8LS5ZJC;
				INFOPLIST_FILE = DaimoUITests/Info.plist;
				LD_RUNPATH_SEARCH_PATHS = (
					"$(inherited)",
					"@executable_path/Frameworks",
					"@loader_path/Frameworks",
				);
				PRODUCT_BUNDLE_IDENTIFIER = com.sogihyeon.DaimoUITests;
				PRODUCT_NAME = "$(TARGET_NAME)";
				SWIFT_VERSION = 5.0;
				TARGETED_DEVICE_FAMILY = "1,2";
				TEST_TARGET_NAME = Daimo;
			};
			name = Debug;
		};
		F9BB77A925B7867A00616024 /* Release */ = {
			isa = XCBuildConfiguration;
			buildSettings = {
				ALWAYS_EMBED_SWIFT_STANDARD_LIBRARIES = YES;
				CODE_SIGN_STYLE = Automatic;
				DEVELOPMENT_TEAM = 4YL8LS5ZJC;
				INFOPLIST_FILE = DaimoUITests/Info.plist;
				LD_RUNPATH_SEARCH_PATHS = (
					"$(inherited)",
					"@executable_path/Frameworks",
					"@loader_path/Frameworks",
				);
				PRODUCT_BUNDLE_IDENTIFIER = com.sogihyeon.DaimoUITests;
				PRODUCT_NAME = "$(TARGET_NAME)";
				SWIFT_VERSION = 5.0;
				TARGETED_DEVICE_FAMILY = "1,2";
				TEST_TARGET_NAME = Daimo;
			};
			name = Release;
		};
/* End XCBuildConfiguration section */

/* Begin XCConfigurationList section */
		F9BB776F25B7867800616024 /* Build configuration list for PBXProject "Daimo" */ = {
			isa = XCConfigurationList;
			buildConfigurations = (
				F9BB779F25B7867A00616024 /* Debug */,
				F9BB77A025B7867A00616024 /* Release */,
			);
			defaultConfigurationIsVisible = 0;
			defaultConfigurationName = Release;
		};
		F9BB77A125B7867A00616024 /* Build configuration list for PBXNativeTarget "Daimo" */ = {
			isa = XCConfigurationList;
			buildConfigurations = (
				F9BB77A225B7867A00616024 /* Debug */,
				F9BB77A325B7867A00616024 /* Release */,
			);
			defaultConfigurationIsVisible = 0;
			defaultConfigurationName = Release;
		};
		F9BB77A425B7867A00616024 /* Build configuration list for PBXNativeTarget "DaimoTests" */ = {
			isa = XCConfigurationList;
			buildConfigurations = (
				F9BB77A525B7867A00616024 /* Debug */,
				F9BB77A625B7867A00616024 /* Release */,
			);
			defaultConfigurationIsVisible = 0;
			defaultConfigurationName = Release;
		};
		F9BB77A725B7867A00616024 /* Build configuration list for PBXNativeTarget "DaimoUITests" */ = {
			isa = XCConfigurationList;
			buildConfigurations = (
				F9BB77A825B7867A00616024 /* Debug */,
				F9BB77A925B7867A00616024 /* Release */,
			);
			defaultConfigurationIsVisible = 0;
			defaultConfigurationName = Release;
		};
/* End XCConfigurationList section */

/* Begin XCRemoteSwiftPackageReference section */
		F972D35025B854CA00C4959C /* XCRemoteSwiftPackageReference "Resolver" */ = {
			isa = XCRemoteSwiftPackageReference;
			repositoryURL = "https://github.com/hmlongco/Resolver";
			requirement = {
				kind = upToNextMajorVersion;
				minimumVersion = 1.4.0;
			};
		};
		F972D3E025B9A68E00C4959C /* XCRemoteSwiftPackageReference "InfiniteLayout" */ = {
			isa = XCRemoteSwiftPackageReference;
			repositoryURL = "https://github.com/arnauddorgans/InfiniteLayout";
			requirement = {
				kind = upToNextMajorVersion;
				minimumVersion = 0.4.2;
			};
		};
		F9BB77C325B787B000616024 /* XCRemoteSwiftPackageReference "Then" */ = {
			isa = XCRemoteSwiftPackageReference;
			repositoryURL = "https://github.com/devxoul/Then";
			requirement = {
				kind = upToNextMajorVersion;
				minimumVersion = 2.7.0;
			};
		};
		F9BB77C925B787D200616024 /* XCRemoteSwiftPackageReference "RxSwift" */ = {
			isa = XCRemoteSwiftPackageReference;
			repositoryURL = "https://github.com/ReactiveX/RxSwift";
			requirement = {
				kind = upToNextMajorVersion;
				minimumVersion = 6.0.0;
			};
		};
		F9BB77D325B787F200616024 /* XCRemoteSwiftPackageReference "SnapKit" */ = {
			isa = XCRemoteSwiftPackageReference;
			repositoryURL = "https://github.com/SnapKit/SnapKit";
			requirement = {
				kind = upToNextMajorVersion;
				minimumVersion = 5.0.1;
			};
		};
/* End XCRemoteSwiftPackageReference section */

/* Begin XCSwiftPackageProductDependency section */
		F972D35125B854CA00C4959C /* Resolver */ = {
			isa = XCSwiftPackageProductDependency;
			package = F972D35025B854CA00C4959C /* XCRemoteSwiftPackageReference "Resolver" */;
			productName = Resolver;
		};
		F972D3E125B9A68F00C4959C /* InfiniteLayout */ = {
			isa = XCSwiftPackageProductDependency;
			package = F972D3E025B9A68E00C4959C /* XCRemoteSwiftPackageReference "InfiniteLayout" */;
			productName = InfiniteLayout;
		};
		F9BB77C425B787B000616024 /* Then */ = {
			isa = XCSwiftPackageProductDependency;
			package = F9BB77C325B787B000616024 /* XCRemoteSwiftPackageReference "Then" */;
			productName = Then;
		};
		F9BB77CA25B787D200616024 /* RxRelay */ = {
			isa = XCSwiftPackageProductDependency;
			package = F9BB77C925B787D200616024 /* XCRemoteSwiftPackageReference "RxSwift" */;
			productName = RxRelay;
		};
		F9BB77CC25B787D200616024 /* RxCocoa */ = {
			isa = XCSwiftPackageProductDependency;
			package = F9BB77C925B787D200616024 /* XCRemoteSwiftPackageReference "RxSwift" */;
			productName = RxCocoa;
		};
		F9BB77CE25B787D200616024 /* RxSwift */ = {
			isa = XCSwiftPackageProductDependency;
			package = F9BB77C925B787D200616024 /* XCRemoteSwiftPackageReference "RxSwift" */;
			productName = RxSwift;
		};
		F9BB77D425B787F200616024 /* SnapKit */ = {
			isa = XCSwiftPackageProductDependency;
			package = F9BB77D325B787F200616024 /* XCRemoteSwiftPackageReference "SnapKit" */;
			productName = SnapKit;
		};
/* End XCSwiftPackageProductDependency section */

/* Begin XCVersionGroup section */
		F9BB778025B7867900616024 /* Daimo.xcdatamodeld */ = {
			isa = XCVersionGroup;
			children = (
				F9BB778125B7867900616024 /* Daimo.xcdatamodel */,
			);
			currentVersion = F9BB778125B7867900616024 /* Daimo.xcdatamodel */;
			path = Daimo.xcdatamodeld;
			sourceTree = "<group>";
			versionGroupType = wrapper.xcdatamodel;
		};
/* End XCVersionGroup section */
	};
	rootObject = F9BB776C25B7867800616024 /* Project object */;
}
